{
  "name": "language-jacy",
  "version": "0.0.1",
  "lockfileVersion": 2,
  "requires": true,
  "packages": {
    "": {
      "version": "0.0.1",
      "license": "MIT",
      "dependencies": {
        "tree-sitter-jacy": "0.0.2-rc.4"
      },
      "engines": {
        "atom": "*",
        "node": "*"
      }
    },
    "../../dev/JacyProject/Jacy/tree-sitter-jacy": {
      "version": "0.0.2-rc.4",
      "license": "ISC",
      "dependencies": {
        "nan": "^2.12.1"
      },
      "devDependencies": {
        "tree-sitter-cli": "^0.19.2"
      }
    },
    "../../dev/JacyProject/Jacy/tree-sitter-jacy/node_modules/nan": {
      "version": "2.14.2",
      "license": "MIT"
    },
    "../../dev/JacyProject/Jacy/tree-sitter-jacy/node_modules/tree-sitter-cli": {
      "version": "0.19.5",
      "dev": true,
      "hasInstallScript": true,
      "license": "MIT",
      "bin": {
        "tree-sitter": "cli.js"
      }
    },
    "node_modules/tree-sitter-jacy": {
      "resolved": "../../dev/JacyProject/Jacy/tree-sitter-jacy",
      "link": true
    }
  },
  "dependencies": {
    "tree-sitter-jacy": {
      "version": "file:../../dev/JacyProject/Jacy/tree-sitter-jacy",
      "requires": {
        "nan": "^2.12.1",
        "tree-sitter-cli": "^0.19.2"
      },
      "dependencies": {
        "nan": {
          "version": "2.14.2"
        },
        "tree-sitter-cli": {
          "version": "0.19.5",
          "dev": true
        }
      }
    }
  }
}
